// !$*UTF8*$!
{
	archiveVersion = 1;
	classes = {
	};
	objectVersion = 55;
	objects = {

/* Begin PBXBuildFile section */
		CB11F129279AB49000028234 /* Endpoint.swift in Sources */ = {isa = PBXBuildFile; fileRef = CB11F128279AB49000028234 /* Endpoint.swift */; };
		CB11F12B279AB4C300028234 /* APIService.swift in Sources */ = {isa = PBXBuildFile; fileRef = CB11F12A279AB4C300028234 /* APIService.swift */; };
		CB11F12E279AB5E000028234 /* Alamofire in Frameworks */ = {isa = PBXBuildFile; productRef = CB11F12D279AB5E000028234 /* Alamofire */; };
		CB11F130279AFD6200028234 /* APIError.swift in Sources */ = {isa = PBXBuildFile; fileRef = CB11F12F279AFD6200028234 /* APIError.swift */; };
		CB11F134279B0D2400028234 /* HomeViewController.swift in Sources */ = {isa = PBXBuildFile; fileRef = CB11F133279B0D2300028234 /* HomeViewController.swift */; };
		CB11F137279BAF2C00028234 /* SignUpViewModel.swift in Sources */ = {isa = PBXBuildFile; fileRef = CB11F136279BAF2C00028234 /* SignUpViewModel.swift */; };
		CB11F139279BB2A500028234 /* UserBirthViewController.swift in Sources */ = {isa = PBXBuildFile; fileRef = CB11F138279BB2A500028234 /* UserBirthViewController.swift */; };
		CB11F13B279BB3B100028234 /* UserEmailViewController.swift in Sources */ = {isa = PBXBuildFile; fileRef = CB11F13A279BB3B100028234 /* UserEmailViewController.swift */; };
		CB11F13D279BB3C700028234 /* UserGenderViewController.swift in Sources */ = {isa = PBXBuildFile; fileRef = CB11F13C279BB3C700028234 /* UserGenderViewController.swift */; };
		CB20987027968952005F6A73 /* AppDelegate.swift in Sources */ = {isa = PBXBuildFile; fileRef = CB20986F27968952005F6A73 /* AppDelegate.swift */; };
		CB20987227968952005F6A73 /* SceneDelegate.swift in Sources */ = {isa = PBXBuildFile; fileRef = CB20987127968952005F6A73 /* SceneDelegate.swift */; };
		CB20987927968955005F6A73 /* Assets.xcassets in Resources */ = {isa = PBXBuildFile; fileRef = CB20987827968955005F6A73 /* Assets.xcassets */; };
		CB20987C27968955005F6A73 /* LaunchScreen.storyboard in Resources */ = {isa = PBXBuildFile; fileRef = CB20987A27968955005F6A73 /* LaunchScreen.storyboard */; };
		CB20988427968BAE005F6A73 /* Colors.xcassets in Resources */ = {isa = PBXBuildFile; fileRef = CB20988327968BAE005F6A73 /* Colors.xcassets */; };
		CB20988727968E87005F6A73 /* UIColor+Extension.swift in Sources */ = {isa = PBXBuildFile; fileRef = CB20988627968E87005F6A73 /* UIColor+Extension.swift */; };
		CB20988F279693D4005F6A73 /* UIFont+Extension.swift in Sources */ = {isa = PBXBuildFile; fileRef = CB20988E279693D4005F6A73 /* UIFont+Extension.swift */; };
		CB20989227969902005F6A73 /* MainButton.swift in Sources */ = {isa = PBXBuildFile; fileRef = CB20989127969902005F6A73 /* MainButton.swift */; };
		CB2098952796A0EA005F6A73 /* SnapKit in Frameworks */ = {isa = PBXBuildFile; productRef = CB2098942796A0EA005F6A73 /* SnapKit */; };
		CB20989A2796A26C005F6A73 /* NotoSansKR-Medium.otf in Resources */ = {isa = PBXBuildFile; fileRef = CB2098982796A26B005F6A73 /* NotoSansKR-Medium.otf */; };
		CB20989B2796A26C005F6A73 /* NotoSansKR-Regular.otf in Resources */ = {isa = PBXBuildFile; fileRef = CB2098992796A26C005F6A73 /* NotoSansKR-Regular.otf */; };
		CB6C58082797A3C2003C0F1E /* UIButton+Extension.swift in Sources */ = {isa = PBXBuildFile; fileRef = CB6C58072797A3C2003C0F1E /* UIButton+Extension.swift */; };
		CB6C580B2797A695003C0F1E /* ButtonStatus.swift in Sources */ = {isa = PBXBuildFile; fileRef = CB6C580A2797A695003C0F1E /* ButtonStatus.swift */; };
		CB6C58102797A740003C0F1E /* PhoneNumInputViewController.swift in Sources */ = {isa = PBXBuildFile; fileRef = CB6C580F2797A740003C0F1E /* PhoneNumInputViewController.swift */; };
		CB6C58132797A75D003C0F1E /* BaseViewController.swift in Sources */ = {isa = PBXBuildFile; fileRef = CB6C58122797A75D003C0F1E /* BaseViewController.swift */; };
		CB6C58192797AF2D003C0F1E /* PhoneNumAuthViewController.swift in Sources */ = {isa = PBXBuildFile; fileRef = CB6C58182797AF2D003C0F1E /* PhoneNumAuthViewController.swift */; };
		CB6C581B27990467003C0F1E /* GoogleService-Info.plist in Resources */ = {isa = PBXBuildFile; fileRef = CB6C581A27990467003C0F1E /* GoogleService-Info.plist */; };
		CB6C581D279904CF003C0F1E /* PhoneNumAuthViewModel.swift in Sources */ = {isa = PBXBuildFile; fileRef = CB6C581C279904CF003C0F1E /* PhoneNumAuthViewModel.swift */; };
		CB6C58202799050D003C0F1E /* RxCocoa in Frameworks */ = {isa = PBXBuildFile; productRef = CB6C581F2799050D003C0F1E /* RxCocoa */; };
		CB6C58222799050D003C0F1E /* RxSwift in Frameworks */ = {isa = PBXBuildFile; productRef = CB6C58212799050D003C0F1E /* RxSwift */; };
		CB6C582727992302003C0F1E /* Toast in Frameworks */ = {isa = PBXBuildFile; productRef = CB6C582627992302003C0F1E /* Toast */; };
		CB6C582A2799A8A2003C0F1E /* FirebaseAuth in Frameworks */ = {isa = PBXBuildFile; productRef = CB6C58292799A8A2003C0F1E /* FirebaseAuth */; };
		CB6C582E2799B05B003C0F1E /* PhoneNumAuthStatus.swift in Sources */ = {isa = PBXBuildFile; fileRef = CB6C582D2799B05B003C0F1E /* PhoneNumAuthStatus.swift */; };
		CB6C58302799B8A7003C0F1E /* RequestStatus.swift in Sources */ = {isa = PBXBuildFile; fileRef = CB6C582F2799B8A7003C0F1E /* RequestStatus.swift */; };
		CB6C58342799B9B5003C0F1E /* UserNameViewController.swift in Sources */ = {isa = PBXBuildFile; fileRef = CB6C58332799B9B5003C0F1E /* UserNameViewController.swift */; };
		CB936D38279E4B210047D4F5 /* BirthSubView.swift in Sources */ = {isa = PBXBuildFile; fileRef = CB936D37279E4B210047D4F5 /* BirthSubView.swift */; };
		CB936D3A279E4B880047D4F5 /* TextFieldStatus.swift in Sources */ = {isa = PBXBuildFile; fileRef = CB936D39279E4B880047D4F5 /* TextFieldStatus.swift */; };
		CB936D3C279E4BD50047D4F5 /* MainTextField.swift in Sources */ = {isa = PBXBuildFile; fileRef = CB936D3B279E4BD50047D4F5 /* MainTextField.swift */; };
		CB936D3E279E4D690047D4F5 /* UITextField+Extension.swift in Sources */ = {isa = PBXBuildFile; fileRef = CB936D3D279E4D690047D4F5 /* UITextField+Extension.swift */; };
		CB936D45279E7F0A0047D4F5 /* OnBoardingViewModel.swift in Sources */ = {isa = PBXBuildFile; fileRef = CB936D44279E7F090047D4F5 /* OnBoardingViewModel.swift */; };
		CB936D47279E7F550047D4F5 /* OnBoardingViewController.swift in Sources */ = {isa = PBXBuildFile; fileRef = CB936D46279E7F550047D4F5 /* OnBoardingViewController.swift */; };
		CB936D4B279E80B00047D4F5 /* OnBoardingCollectionViewCell.swift in Sources */ = {isa = PBXBuildFile; fileRef = CB936D4A279E80B00047D4F5 /* OnBoardingCollectionViewCell.swift */; };
		CBAFAE942799C63900FE7421 /* AnyFormatKit in Frameworks */ = {isa = PBXBuildFile; productRef = CBAFAE932799C63900FE7421 /* AnyFormatKit */; };
		CBC67189279FC20B00722D78 /* UserNameView.swift in Sources */ = {isa = PBXBuildFile; fileRef = CBC67188279FC20B00722D78 /* UserNameView.swift */; };
		CBC6718B279FC3E500722D78 /* UserGenderView.swift in Sources */ = {isa = PBXBuildFile; fileRef = CBC6718A279FC3E500722D78 /* UserGenderView.swift */; };
		CBC6718E279FC49B00722D78 /* UserEmailView.swift in Sources */ = {isa = PBXBuildFile; fileRef = CBC6718D279FC49B00722D78 /* UserEmailView.swift */; };
		CBC67191279FC56600722D78 /* OnBoardingView.swift in Sources */ = {isa = PBXBuildFile; fileRef = CBC67190279FC56600722D78 /* OnBoardingView.swift */; };
		CBC67195279FC8CA00722D78 /* Realm in Frameworks */ = {isa = PBXBuildFile; productRef = CBC67194279FC8CA00722D78 /* Realm */; };
		CBC67197279FC8CA00722D78 /* RealmSwift in Frameworks */ = {isa = PBXBuildFile; productRef = CBC67196279FC8CA00722D78 /* RealmSwift */; };
		CBC6719A279FC98400722D78 /* PhoneNumInputView.swift in Sources */ = {isa = PBXBuildFile; fileRef = CBC67199279FC98400722D78 /* PhoneNumInputView.swift */; };
		CBC6719C279FC9F600722D78 /* PhoneNumAuthView.swift in Sources */ = {isa = PBXBuildFile; fileRef = CBC6719B279FC9F600722D78 /* PhoneNumAuthView.swift */; };
		CBC6719E279FDF1A00722D78 /* String+Extension.swift in Sources */ = {isa = PBXBuildFile; fileRef = CBC6719D279FDF1A00722D78 /* String+Extension.swift */; };
		CBC671A0279FE33300722D78 /* UserBirthView.swift in Sources */ = {isa = PBXBuildFile; fileRef = CBC6719F279FE33300722D78 /* UserBirthView.swift */; };
/* End PBXBuildFile section */

/* Begin PBXFileReference section */
		CB11F128279AB49000028234 /* Endpoint.swift */ = {isa = PBXFileReference; lastKnownFileType = sourcecode.swift; path = Endpoint.swift; sourceTree = "<group>"; };
		CB11F12A279AB4C300028234 /* APIService.swift */ = {isa = PBXFileReference; lastKnownFileType = sourcecode.swift; path = APIService.swift; sourceTree = "<group>"; };
		CB11F12F279AFD6200028234 /* APIError.swift */ = {isa = PBXFileReference; lastKnownFileType = sourcecode.swift; path = APIError.swift; sourceTree = "<group>"; };
		CB11F133279B0D2300028234 /* HomeViewController.swift */ = {isa = PBXFileReference; lastKnownFileType = sourcecode.swift; path = HomeViewController.swift; sourceTree = "<group>"; };
		CB11F136279BAF2C00028234 /* SignUpViewModel.swift */ = {isa = PBXFileReference; lastKnownFileType = sourcecode.swift; path = SignUpViewModel.swift; sourceTree = "<group>"; };
		CB11F138279BB2A500028234 /* UserBirthViewController.swift */ = {isa = PBXFileReference; lastKnownFileType = sourcecode.swift; path = UserBirthViewController.swift; sourceTree = "<group>"; };
		CB11F13A279BB3B100028234 /* UserEmailViewController.swift */ = {isa = PBXFileReference; lastKnownFileType = sourcecode.swift; path = UserEmailViewController.swift; sourceTree = "<group>"; };
		CB11F13C279BB3C700028234 /* UserGenderViewController.swift */ = {isa = PBXFileReference; lastKnownFileType = sourcecode.swift; path = UserGenderViewController.swift; sourceTree = "<group>"; };
		CB20986C27968952005F6A73 /* SeSAC_SeSACFriends.app */ = {isa = PBXFileReference; explicitFileType = wrapper.application; includeInIndex = 0; path = SeSAC_SeSACFriends.app; sourceTree = BUILT_PRODUCTS_DIR; };
		CB20986F27968952005F6A73 /* AppDelegate.swift */ = {isa = PBXFileReference; lastKnownFileType = sourcecode.swift; path = AppDelegate.swift; sourceTree = "<group>"; };
		CB20987127968952005F6A73 /* SceneDelegate.swift */ = {isa = PBXFileReference; lastKnownFileType = sourcecode.swift; path = SceneDelegate.swift; sourceTree = "<group>"; };
		CB20987827968955005F6A73 /* Assets.xcassets */ = {isa = PBXFileReference; lastKnownFileType = folder.assetcatalog; path = Assets.xcassets; sourceTree = "<group>"; };
		CB20987B27968955005F6A73 /* Base */ = {isa = PBXFileReference; lastKnownFileType = file.storyboard; name = Base; path = Base.lproj/LaunchScreen.storyboard; sourceTree = "<group>"; };
		CB20987D27968955005F6A73 /* Info.plist */ = {isa = PBXFileReference; lastKnownFileType = text.plist.xml; path = Info.plist; sourceTree = "<group>"; };
		CB20988327968BAE005F6A73 /* Colors.xcassets */ = {isa = PBXFileReference; lastKnownFileType = folder.assetcatalog; path = Colors.xcassets; sourceTree = "<group>"; };
		CB20988627968E87005F6A73 /* UIColor+Extension.swift */ = {isa = PBXFileReference; lastKnownFileType = sourcecode.swift; path = "UIColor+Extension.swift"; sourceTree = "<group>"; };
		CB20988E279693D4005F6A73 /* UIFont+Extension.swift */ = {isa = PBXFileReference; lastKnownFileType = sourcecode.swift; path = "UIFont+Extension.swift"; sourceTree = "<group>"; };
		CB20989127969902005F6A73 /* MainButton.swift */ = {isa = PBXFileReference; lastKnownFileType = sourcecode.swift; path = MainButton.swift; sourceTree = "<group>"; };
		CB2098982796A26B005F6A73 /* NotoSansKR-Medium.otf */ = {isa = PBXFileReference; lastKnownFileType = file; name = "NotoSansKR-Medium.otf"; path = "Noto_Sans_KR/NotoSansKR-Medium.otf"; sourceTree = SOURCE_ROOT; };
		CB2098992796A26C005F6A73 /* NotoSansKR-Regular.otf */ = {isa = PBXFileReference; lastKnownFileType = file; name = "NotoSansKR-Regular.otf"; path = "Noto_Sans_KR/NotoSansKR-Regular.otf"; sourceTree = SOURCE_ROOT; };
		CB6C58072797A3C2003C0F1E /* UIButton+Extension.swift */ = {isa = PBXFileReference; lastKnownFileType = sourcecode.swift; path = "UIButton+Extension.swift"; sourceTree = "<group>"; };
		CB6C580A2797A695003C0F1E /* ButtonStatus.swift */ = {isa = PBXFileReference; lastKnownFileType = sourcecode.swift; path = ButtonStatus.swift; sourceTree = "<group>"; };
		CB6C580F2797A740003C0F1E /* PhoneNumInputViewController.swift */ = {isa = PBXFileReference; lastKnownFileType = sourcecode.swift; path = PhoneNumInputViewController.swift; sourceTree = "<group>"; };
		CB6C58122797A75D003C0F1E /* BaseViewController.swift */ = {isa = PBXFileReference; lastKnownFileType = sourcecode.swift; path = BaseViewController.swift; sourceTree = "<group>"; };
		CB6C58182797AF2D003C0F1E /* PhoneNumAuthViewController.swift */ = {isa = PBXFileReference; lastKnownFileType = sourcecode.swift; path = PhoneNumAuthViewController.swift; sourceTree = "<group>"; };
		CB6C581A27990467003C0F1E /* GoogleService-Info.plist */ = {isa = PBXFileReference; lastKnownFileType = text.plist; name = "GoogleService-Info.plist"; path = "SeSAC_SPL/GoogleService-Info.plist/GoogleService-Info.plist"; sourceTree = SOURCE_ROOT; };
		CB6C581C279904CF003C0F1E /* PhoneNumAuthViewModel.swift */ = {isa = PBXFileReference; lastKnownFileType = sourcecode.swift; path = PhoneNumAuthViewModel.swift; sourceTree = "<group>"; };
		CB6C582B2799A8EB003C0F1E /* SeSAC_SeSACFriends.entitlements */ = {isa = PBXFileReference; lastKnownFileType = text.plist.entitlements; path = SeSAC_SeSACFriends.entitlements; sourceTree = "<group>"; };
		CB6C582C2799A8F3003C0F1E /* SeSAC_SeSACFriendsRelease.entitlements */ = {isa = PBXFileReference; lastKnownFileType = text.plist.entitlements; path = SeSAC_SeSACFriendsRelease.entitlements; sourceTree = "<group>"; };
		CB6C582D2799B05B003C0F1E /* PhoneNumAuthStatus.swift */ = {isa = PBXFileReference; lastKnownFileType = sourcecode.swift; path = PhoneNumAuthStatus.swift; sourceTree = "<group>"; };
		CB6C582F2799B8A7003C0F1E /* RequestStatus.swift */ = {isa = PBXFileReference; lastKnownFileType = sourcecode.swift; path = RequestStatus.swift; sourceTree = "<group>"; };
		CB6C58332799B9B5003C0F1E /* UserNameViewController.swift */ = {isa = PBXFileReference; lastKnownFileType = sourcecode.swift; path = UserNameViewController.swift; sourceTree = "<group>"; };
		CB936D37279E4B210047D4F5 /* BirthSubView.swift */ = {isa = PBXFileReference; lastKnownFileType = sourcecode.swift; path = BirthSubView.swift; sourceTree = "<group>"; };
		CB936D39279E4B880047D4F5 /* TextFieldStatus.swift */ = {isa = PBXFileReference; lastKnownFileType = sourcecode.swift; path = TextFieldStatus.swift; sourceTree = "<group>"; };
		CB936D3B279E4BD50047D4F5 /* MainTextField.swift */ = {isa = PBXFileReference; lastKnownFileType = sourcecode.swift; path = MainTextField.swift; sourceTree = "<group>"; };
		CB936D3D279E4D690047D4F5 /* UITextField+Extension.swift */ = {isa = PBXFileReference; lastKnownFileType = sourcecode.swift; path = "UITextField+Extension.swift"; sourceTree = "<group>"; };
		CB936D44279E7F090047D4F5 /* OnBoardingViewModel.swift */ = {isa = PBXFileReference; lastKnownFileType = sourcecode.swift; path = OnBoardingViewModel.swift; sourceTree = "<group>"; };
		CB936D46279E7F550047D4F5 /* OnBoardingViewController.swift */ = {isa = PBXFileReference; lastKnownFileType = sourcecode.swift; path = OnBoardingViewController.swift; sourceTree = "<group>"; };
		CB936D4A279E80B00047D4F5 /* OnBoardingCollectionViewCell.swift */ = {isa = PBXFileReference; lastKnownFileType = sourcecode.swift; path = OnBoardingCollectionViewCell.swift; sourceTree = "<group>"; };
		CBC67188279FC20B00722D78 /* UserNameView.swift */ = {isa = PBXFileReference; lastKnownFileType = sourcecode.swift; path = UserNameView.swift; sourceTree = "<group>"; };
		CBC6718A279FC3E500722D78 /* UserGenderView.swift */ = {isa = PBXFileReference; lastKnownFileType = sourcecode.swift; path = UserGenderView.swift; sourceTree = "<group>"; };
		CBC6718D279FC49B00722D78 /* UserEmailView.swift */ = {isa = PBXFileReference; lastKnownFileType = sourcecode.swift; path = UserEmailView.swift; sourceTree = "<group>"; };
		CBC67190279FC56600722D78 /* OnBoardingView.swift */ = {isa = PBXFileReference; lastKnownFileType = sourcecode.swift; path = OnBoardingView.swift; sourceTree = "<group>"; };
		CBC67199279FC98400722D78 /* PhoneNumInputView.swift */ = {isa = PBXFileReference; lastKnownFileType = sourcecode.swift; path = PhoneNumInputView.swift; sourceTree = "<group>"; };
		CBC6719B279FC9F600722D78 /* PhoneNumAuthView.swift */ = {isa = PBXFileReference; lastKnownFileType = sourcecode.swift; path = PhoneNumAuthView.swift; sourceTree = "<group>"; };
		CBC6719D279FDF1A00722D78 /* String+Extension.swift */ = {isa = PBXFileReference; lastKnownFileType = sourcecode.swift; path = "String+Extension.swift"; sourceTree = "<group>"; };
		CBC6719F279FE33300722D78 /* UserBirthView.swift */ = {isa = PBXFileReference; lastKnownFileType = sourcecode.swift; path = UserBirthView.swift; sourceTree = "<group>"; };
/* End PBXFileReference section */

/* Begin PBXFrameworksBuildPhase section */
		CB20986927968952005F6A73 /* Frameworks */ = {
			isa = PBXFrameworksBuildPhase;
			buildActionMask = 2147483647;
			files = (
				CB6C582727992302003C0F1E /* Toast in Frameworks */,
				CB11F12E279AB5E000028234 /* Alamofire in Frameworks */,
				CBAFAE942799C63900FE7421 /* AnyFormatKit in Frameworks */,
				CBC67197279FC8CA00722D78 /* RealmSwift in Frameworks */,
				CB6C582A2799A8A2003C0F1E /* FirebaseAuth in Frameworks */,
				CB6C58222799050D003C0F1E /* RxSwift in Frameworks */,
				CB6C58202799050D003C0F1E /* RxCocoa in Frameworks */,
				CBC67195279FC8CA00722D78 /* Realm in Frameworks */,
				CB2098952796A0EA005F6A73 /* SnapKit in Frameworks */,
			);
			runOnlyForDeploymentPostprocessing = 0;
		};
/* End PBXFrameworksBuildPhase section */

/* Begin PBXGroup section */
		CB11F127279AB48200028234 /* API */ = {
			isa = PBXGroup;
			children = (
				CB11F128279AB49000028234 /* Endpoint.swift */,
				CB11F12A279AB4C300028234 /* APIService.swift */,
			);
			path = API;
			sourceTree = "<group>";
		};
		CB11F131279B0D1700028234 /* Home */ = {
			isa = PBXGroup;
			children = (
				CB11F132279B0D1B00028234 /* View */,
			);
			path = Home;
			sourceTree = "<group>";
		};
		CB11F132279B0D1B00028234 /* View */ = {
			isa = PBXGroup;
			children = (
				CB11F133279B0D2300028234 /* HomeViewController.swift */,
			);
			path = View;
			sourceTree = "<group>";
		};
		CB11F135279BAF1C00028234 /* ViewModel */ = {
			isa = PBXGroup;
			children = (
				CB11F136279BAF2C00028234 /* SignUpViewModel.swift */,
			);
			path = ViewModel;
			sourceTree = "<group>";
		};
		CB11F13E279BB40600028234 /* OnBoarding */ = {
			isa = PBXGroup;
			children = (
				CB936D49279E7F5F0047D4F5 /* ViewModel */,
				CB936D48279E7F5A0047D4F5 /* View */,
				CBC6718F279FC55D00722D78 /* CustomView */,
			);
			path = OnBoarding;
			sourceTree = "<group>";
		};
		CB20986327968952005F6A73 = {
			isa = PBXGroup;
			children = (
				CB20986E27968952005F6A73 /* SeSAC_SeSACFriends */,
				CB20986D27968952005F6A73 /* Products */,
			);
			sourceTree = "<group>";
		};
		CB20986D27968952005F6A73 /* Products */ = {
			isa = PBXGroup;
			children = (
				CB20986C27968952005F6A73 /* SeSAC_SeSACFriends.app */,
			);
			name = Products;
			sourceTree = "<group>";
		};
		CB20986E27968952005F6A73 /* SeSAC_SeSACFriends */ = {
			isa = PBXGroup;
			children = (
				CBC67192279FC77600722D78 /* Views */,
				CB6C58112797A751003C0F1E /* Protocol */,
				CB11F127279AB48200028234 /* API */,
				CB20988527968E7D005F6A73 /* Extension */,
				CB6C58092797A689003C0F1E /* Enums */,
				CB20988827968EDC005F6A73 /* Asset */,
				CB20986F27968952005F6A73 /* AppDelegate.swift */,
				CB20987127968952005F6A73 /* SceneDelegate.swift */,
				CB20987A27968955005F6A73 /* LaunchScreen.storyboard */,
				CB20987D27968955005F6A73 /* Info.plist */,
				CB6C582C2799A8F3003C0F1E /* SeSAC_SeSACFriendsRelease.entitlements */,
				CB6C582B2799A8EB003C0F1E /* SeSAC_SeSACFriends.entitlements */,
			);
			path = SeSAC_SeSACFriends;
			sourceTree = "<group>";
		};
		CB20988527968E7D005F6A73 /* Extension */ = {
			isa = PBXGroup;
			children = (
				CB20988627968E87005F6A73 /* UIColor+Extension.swift */,
				CB20988E279693D4005F6A73 /* UIFont+Extension.swift */,
				CB6C58072797A3C2003C0F1E /* UIButton+Extension.swift */,
				CB936D3D279E4D690047D4F5 /* UITextField+Extension.swift */,
				CBC6719D279FDF1A00722D78 /* String+Extension.swift */,
			);
			path = Extension;
			sourceTree = "<group>";
		};
		CB20988827968EDC005F6A73 /* Asset */ = {
			isa = PBXGroup;
			children = (
				CB6C581A27990467003C0F1E /* GoogleService-Info.plist */,
				CB20988D279692B4005F6A73 /* Fonts */,
				CB20988327968BAE005F6A73 /* Colors.xcassets */,
				CB20987827968955005F6A73 /* Assets.xcassets */,
			);
			path = Asset;
			sourceTree = "<group>";
		};
		CB20988D279692B4005F6A73 /* Fonts */ = {
			isa = PBXGroup;
			children = (
				CB2098982796A26B005F6A73 /* NotoSansKR-Medium.otf */,
				CB2098992796A26C005F6A73 /* NotoSansKR-Regular.otf */,
			);
			path = Fonts;
			sourceTree = "<group>";
		};
		CB209890279698F7005F6A73 /* CustomView */ = {
			isa = PBXGroup;
			children = (
				CB20989127969902005F6A73 /* MainButton.swift */,
				CB936D3B279E4BD50047D4F5 /* MainTextField.swift */,
			);
			path = CustomView;
			sourceTree = "<group>";
		};
		CB6C58092797A689003C0F1E /* Enums */ = {
			isa = PBXGroup;
			children = (
				CB936D39279E4B880047D4F5 /* TextFieldStatus.swift */,
				CB6C580A2797A695003C0F1E /* ButtonStatus.swift */,
				CB6C582D2799B05B003C0F1E /* PhoneNumAuthStatus.swift */,
				CB6C582F2799B8A7003C0F1E /* RequestStatus.swift */,
				CB11F12F279AFD6200028234 /* APIError.swift */,
			);
			path = Enums;
			sourceTree = "<group>";
		};
		CB6C580C2797A70C003C0F1E /* PhoneNumberAuth */ = {
			isa = PBXGroup;
			children = (
				CB6C58172797AEB7003C0F1E /* ViewModel */,
				CB6C58152797AEAC003C0F1E /* View */,
				CBC67198279FC97900722D78 /* CustomView */,
			);
			path = PhoneNumberAuth;
			sourceTree = "<group>";
		};
		CB6C58112797A751003C0F1E /* Protocol */ = {
			isa = PBXGroup;
			children = (
				CB6C58122797A75D003C0F1E /* BaseViewController.swift */,
			);
			path = Protocol;
			sourceTree = "<group>";
		};
		CB6C58152797AEAC003C0F1E /* View */ = {
			isa = PBXGroup;
			children = (
				CB6C580F2797A740003C0F1E /* PhoneNumInputViewController.swift */,
				CB6C58182797AF2D003C0F1E /* PhoneNumAuthViewController.swift */,
			);
			path = View;
			sourceTree = "<group>";
		};
		CB6C58172797AEB7003C0F1E /* ViewModel */ = {
			isa = PBXGroup;
			children = (
				CB6C581C279904CF003C0F1E /* PhoneNumAuthViewModel.swift */,
			);
			path = ViewModel;
			sourceTree = "<group>";
		};
		CB6C58312799B994003C0F1E /* SignUp */ = {
			isa = PBXGroup;
			children = (
				CB11F135279BAF1C00028234 /* ViewModel */,
				CB6C58322799B9AB003C0F1E /* View */,
				CBC6718C279FC48200722D78 /* CustomView */,
			);
			path = SignUp;
			sourceTree = "<group>";
		};
		CB6C58322799B9AB003C0F1E /* View */ = {
			isa = PBXGroup;
			children = (
				CB6C58332799B9B5003C0F1E /* UserNameViewController.swift */,
				CB11F138279BB2A500028234 /* UserBirthViewController.swift */,
				CB11F13A279BB3B100028234 /* UserEmailViewController.swift */,
				CB11F13C279BB3C700028234 /* UserGenderViewController.swift */,
			);
			path = View;
			sourceTree = "<group>";
		};
		CB936D48279E7F5A0047D4F5 /* View */ = {
			isa = PBXGroup;
			children = (
				CB936D46279E7F550047D4F5 /* OnBoardingViewController.swift */,
			);
			path = View;
			sourceTree = "<group>";
		};
		CB936D49279E7F5F0047D4F5 /* ViewModel */ = {
			isa = PBXGroup;
			children = (
				CB936D44279E7F090047D4F5 /* OnBoardingViewModel.swift */,
			);
			path = ViewModel;
			sourceTree = "<group>";
		};
		CBC6718C279FC48200722D78 /* CustomView */ = {
			isa = PBXGroup;
			children = (
				CBC67188279FC20B00722D78 /* UserNameView.swift */,
				CBC6719F279FE33300722D78 /* UserBirthView.swift */,
				CBC6718D279FC49B00722D78 /* UserEmailView.swift */,
				CBC6718A279FC3E500722D78 /* UserGenderView.swift */,
				CB936D37279E4B210047D4F5 /* BirthSubView.swift */,
			);
			path = CustomView;
			sourceTree = "<group>";
		};
		CBC6718F279FC55D00722D78 /* CustomView */ = {
			isa = PBXGroup;
			children = (
				CB936D4A279E80B00047D4F5 /* OnBoardingCollectionViewCell.swift */,
				CBC67190279FC56600722D78 /* OnBoardingView.swift */,
			);
			path = CustomView;
			sourceTree = "<group>";
		};
		CBC67192279FC77600722D78 /* Views */ = {
			isa = PBXGroup;
			children = (
				CB11F13E279BB40600028234 /* OnBoarding */,
				CB6C580C2797A70C003C0F1E /* PhoneNumberAuth */,
				CB6C58312799B994003C0F1E /* SignUp */,
				CB11F131279B0D1700028234 /* Home */,
				CB209890279698F7005F6A73 /* CustomView */,
			);
			path = Views;
			sourceTree = "<group>";
		};
		CBC67198279FC97900722D78 /* CustomView */ = {
			isa = PBXGroup;
			children = (
				CBC67199279FC98400722D78 /* PhoneNumInputView.swift */,
				CBC6719B279FC9F600722D78 /* PhoneNumAuthView.swift */,
			);
			path = CustomView;
			sourceTree = "<group>";
		};
/* End PBXGroup section */

/* Begin PBXNativeTarget section */
		CB20986B27968952005F6A73 /* SeSAC_SeSACFriends */ = {
			isa = PBXNativeTarget;
			buildConfigurationList = CB20988027968955005F6A73 /* Build configuration list for PBXNativeTarget "SeSAC_SeSACFriends" */;
			buildPhases = (
				CB20986827968952005F6A73 /* Sources */,
				CB20986927968952005F6A73 /* Frameworks */,
				CB20986A27968952005F6A73 /* Resources */,
			);
			buildRules = (
			);
			dependencies = (
			);
			name = SeSAC_SeSACFriends;
			packageProductDependencies = (
				CB2098942796A0EA005F6A73 /* SnapKit */,
				CB6C581F2799050D003C0F1E /* RxCocoa */,
				CB6C58212799050D003C0F1E /* RxSwift */,
				CB6C582627992302003C0F1E /* Toast */,
				CB6C58292799A8A2003C0F1E /* FirebaseAuth */,
				CBAFAE932799C63900FE7421 /* AnyFormatKit */,
				CB11F12D279AB5E000028234 /* Alamofire */,
				CBC67194279FC8CA00722D78 /* Realm */,
				CBC67196279FC8CA00722D78 /* RealmSwift */,
			);
			productName = SeSAC_SeSACFriends;
			productReference = CB20986C27968952005F6A73 /* SeSAC_SeSACFriends.app */;
			productType = "com.apple.product-type.application";
		};
/* End PBXNativeTarget section */

/* Begin PBXProject section */
		CB20986427968952005F6A73 /* Project object */ = {
			isa = PBXProject;
			attributes = {
				BuildIndependentTargetsInParallel = 1;
				LastSwiftUpdateCheck = 1300;
				LastUpgradeCheck = 1300;
				TargetAttributes = {
					CB20986B27968952005F6A73 = {
						CreatedOnToolsVersion = 13.0;
					};
				};
			};
			buildConfigurationList = CB20986727968952005F6A73 /* Build configuration list for PBXProject "SeSAC_SeSACFriends" */;
			compatibilityVersion = "Xcode 13.0";
			developmentRegion = en;
			hasScannedForEncodings = 0;
			knownRegions = (
				en,
				Base,
			);
			mainGroup = CB20986327968952005F6A73;
			packageReferences = (
				CB2098932796A0E9005F6A73 /* XCRemoteSwiftPackageReference "SnapKit" */,
				CB6C581E2799050D003C0F1E /* XCRemoteSwiftPackageReference "RxSwift" */,
				CB6C582527992302003C0F1E /* XCRemoteSwiftPackageReference "Toast-Swift" */,
				CB6C58282799A8A2003C0F1E /* XCRemoteSwiftPackageReference "firebase-ios-sdk" */,
				CBAFAE922799C63900FE7421 /* XCRemoteSwiftPackageReference "AnyFormatKit" */,
				CB11F12C279AB5DF00028234 /* XCRemoteSwiftPackageReference "Alamofire" */,
				CBC67193279FC8CA00722D78 /* XCRemoteSwiftPackageReference "realm-swift" */,
			);
			productRefGroup = CB20986D27968952005F6A73 /* Products */;
			projectDirPath = "";
			projectRoot = "";
			targets = (
				CB20986B27968952005F6A73 /* SeSAC_SeSACFriends */,
			);
		};
/* End PBXProject section */

/* Begin PBXResourcesBuildPhase section */
		CB20986A27968952005F6A73 /* Resources */ = {
			isa = PBXResourcesBuildPhase;
			buildActionMask = 2147483647;
			files = (
				CB20989A2796A26C005F6A73 /* NotoSansKR-Medium.otf in Resources */,
				CB20987C27968955005F6A73 /* LaunchScreen.storyboard in Resources */,
				CB20988427968BAE005F6A73 /* Colors.xcassets in Resources */,
				CB20987927968955005F6A73 /* Assets.xcassets in Resources */,
				CB20989B2796A26C005F6A73 /* NotoSansKR-Regular.otf in Resources */,
				CB6C581B27990467003C0F1E /* GoogleService-Info.plist in Resources */,
			);
			runOnlyForDeploymentPostprocessing = 0;
		};
/* End PBXResourcesBuildPhase section */

/* Begin PBXSourcesBuildPhase section */
		CB20986827968952005F6A73 /* Sources */ = {
			isa = PBXSourcesBuildPhase;
			buildActionMask = 2147483647;
			files = (
				CB11F12B279AB4C300028234 /* APIService.swift in Sources */,
				CB20987027968952005F6A73 /* AppDelegate.swift in Sources */,
				CB20987227968952005F6A73 /* SceneDelegate.swift in Sources */,
				CB11F130279AFD6200028234 /* APIError.swift in Sources */,
				CB20988F279693D4005F6A73 /* UIFont+Extension.swift in Sources */,
				CB936D3C279E4BD50047D4F5 /* MainTextField.swift in Sources */,
				CBC671A0279FE33300722D78 /* UserBirthView.swift in Sources */,
				CB11F137279BAF2C00028234 /* SignUpViewModel.swift in Sources */,
				CB11F13D279BB3C700028234 /* UserGenderViewController.swift in Sources */,
				CB936D47279E7F550047D4F5 /* OnBoardingViewController.swift in Sources */,
				CBC67191279FC56600722D78 /* OnBoardingView.swift in Sources */,
				CBC67189279FC20B00722D78 /* UserNameView.swift in Sources */,
				CB936D3E279E4D690047D4F5 /* UITextField+Extension.swift in Sources */,
				CB11F134279B0D2400028234 /* HomeViewController.swift in Sources */,
				CBC6719A279FC98400722D78 /* PhoneNumInputView.swift in Sources */,
				CB936D3A279E4B880047D4F5 /* TextFieldStatus.swift in Sources */,
				CB6C58342799B9B5003C0F1E /* UserNameViewController.swift in Sources */,
				CB6C58302799B8A7003C0F1E /* RequestStatus.swift in Sources */,
				CB20988727968E87005F6A73 /* UIColor+Extension.swift in Sources */,
				CB6C58132797A75D003C0F1E /* BaseViewController.swift in Sources */,
				CB936D45279E7F0A0047D4F5 /* OnBoardingViewModel.swift in Sources */,
				CB11F139279BB2A500028234 /* UserBirthViewController.swift in Sources */,
				CB6C580B2797A695003C0F1E /* ButtonStatus.swift in Sources */,
				CB20989227969902005F6A73 /* MainButton.swift in Sources */,
				CB11F129279AB49000028234 /* Endpoint.swift in Sources */,
				CB6C582E2799B05B003C0F1E /* PhoneNumAuthStatus.swift in Sources */,
				CBC6718E279FC49B00722D78 /* UserEmailView.swift in Sources */,
				CB936D4B279E80B00047D4F5 /* OnBoardingCollectionViewCell.swift in Sources */,
				CB6C58082797A3C2003C0F1E /* UIButton+Extension.swift in Sources */,
				CBC6719E279FDF1A00722D78 /* String+Extension.swift in Sources */,
				CB6C58192797AF2D003C0F1E /* PhoneNumAuthViewController.swift in Sources */,
				CB6C581D279904CF003C0F1E /* PhoneNumAuthViewModel.swift in Sources */,
				CB6C58102797A740003C0F1E /* PhoneNumInputViewController.swift in Sources */,
				CB11F13B279BB3B100028234 /* UserEmailViewController.swift in Sources */,
				CBC6719C279FC9F600722D78 /* PhoneNumAuthView.swift in Sources */,
				CBC6718B279FC3E500722D78 /* UserGenderView.swift in Sources */,
				CB936D38279E4B210047D4F5 /* BirthSubView.swift in Sources */,
			);
			runOnlyForDeploymentPostprocessing = 0;
		};
/* End PBXSourcesBuildPhase section */

/* Begin PBXVariantGroup section */
		CB20987A27968955005F6A73 /* LaunchScreen.storyboard */ = {
			isa = PBXVariantGroup;
			children = (
				CB20987B27968955005F6A73 /* Base */,
			);
			name = LaunchScreen.storyboard;
			sourceTree = "<group>";
		};
/* End PBXVariantGroup section */

/* Begin XCBuildConfiguration section */
		CB20987E27968955005F6A73 /* Debug */ = {
			isa = XCBuildConfiguration;
			buildSettings = {
				ALWAYS_SEARCH_USER_PATHS = NO;
				CLANG_ANALYZER_NONNULL = YES;
				CLANG_ANALYZER_NUMBER_OBJECT_CONVERSION = YES_AGGRESSIVE;
				CLANG_CXX_LANGUAGE_STANDARD = "gnu++17";
				CLANG_CXX_LIBRARY = "libc++";
				CLANG_ENABLE_MODULES = YES;
				CLANG_ENABLE_OBJC_ARC = YES;
				CLANG_ENABLE_OBJC_WEAK = YES;
				CLANG_WARN_BLOCK_CAPTURE_AUTORELEASING = YES;
				CLANG_WARN_BOOL_CONVERSION = YES;
				CLANG_WARN_COMMA = YES;
				CLANG_WARN_CONSTANT_CONVERSION = YES;
				CLANG_WARN_DEPRECATED_OBJC_IMPLEMENTATIONS = YES;
				CLANG_WARN_DIRECT_OBJC_ISA_USAGE = YES_ERROR;
				CLANG_WARN_DOCUMENTATION_COMMENTS = YES;
				CLANG_WARN_EMPTY_BODY = YES;
				CLANG_WARN_ENUM_CONVERSION = YES;
				CLANG_WARN_INFINITE_RECURSION = YES;
				CLANG_WARN_INT_CONVERSION = YES;
				CLANG_WARN_NON_LITERAL_NULL_CONVERSION = YES;
				CLANG_WARN_OBJC_IMPLICIT_RETAIN_SELF = YES;
				CLANG_WARN_OBJC_LITERAL_CONVERSION = YES;
				CLANG_WARN_OBJC_ROOT_CLASS = YES_ERROR;
				CLANG_WARN_QUOTED_INCLUDE_IN_FRAMEWORK_HEADER = YES;
				CLANG_WARN_RANGE_LOOP_ANALYSIS = YES;
				CLANG_WARN_STRICT_PROTOTYPES = YES;
				CLANG_WARN_SUSPICIOUS_MOVE = YES;
				CLANG_WARN_UNGUARDED_AVAILABILITY = YES_AGGRESSIVE;
				CLANG_WARN_UNREACHABLE_CODE = YES;
				CLANG_WARN__DUPLICATE_METHOD_MATCH = YES;
				COPY_PHASE_STRIP = NO;
				DEBUG_INFORMATION_FORMAT = dwarf;
				ENABLE_STRICT_OBJC_MSGSEND = YES;
				ENABLE_TESTABILITY = YES;
				GCC_C_LANGUAGE_STANDARD = gnu11;
				GCC_DYNAMIC_NO_PIC = NO;
				GCC_NO_COMMON_BLOCKS = YES;
				GCC_OPTIMIZATION_LEVEL = 0;
				GCC_PREPROCESSOR_DEFINITIONS = (
					"DEBUG=1",
					"$(inherited)",
				);
				GCC_WARN_64_TO_32_BIT_CONVERSION = YES;
				GCC_WARN_ABOUT_RETURN_TYPE = YES_ERROR;
				GCC_WARN_UNDECLARED_SELECTOR = YES;
				GCC_WARN_UNINITIALIZED_AUTOS = YES_AGGRESSIVE;
				GCC_WARN_UNUSED_FUNCTION = YES;
				GCC_WARN_UNUSED_VARIABLE = YES;
				IPHONEOS_DEPLOYMENT_TARGET = 15.0;
				MTL_ENABLE_DEBUG_INFO = INCLUDE_SOURCE;
				MTL_FAST_MATH = YES;
				ONLY_ACTIVE_ARCH = YES;
				SDKROOT = iphoneos;
				SWIFT_ACTIVE_COMPILATION_CONDITIONS = DEBUG;
				SWIFT_OPTIMIZATION_LEVEL = "-Onone";
			};
			name = Debug;
		};
		CB20987F27968955005F6A73 /* Release */ = {
			isa = XCBuildConfiguration;
			buildSettings = {
				ALWAYS_SEARCH_USER_PATHS = NO;
				CLANG_ANALYZER_NONNULL = YES;
				CLANG_ANALYZER_NUMBER_OBJECT_CONVERSION = YES_AGGRESSIVE;
				CLANG_CXX_LANGUAGE_STANDARD = "gnu++17";
				CLANG_CXX_LIBRARY = "libc++";
				CLANG_ENABLE_MODULES = YES;
				CLANG_ENABLE_OBJC_ARC = YES;
				CLANG_ENABLE_OBJC_WEAK = YES;
				CLANG_WARN_BLOCK_CAPTURE_AUTORELEASING = YES;
				CLANG_WARN_BOOL_CONVERSION = YES;
				CLANG_WARN_COMMA = YES;
				CLANG_WARN_CONSTANT_CONVERSION = YES;
				CLANG_WARN_DEPRECATED_OBJC_IMPLEMENTATIONS = YES;
				CLANG_WARN_DIRECT_OBJC_ISA_USAGE = YES_ERROR;
				CLANG_WARN_DOCUMENTATION_COMMENTS = YES;
				CLANG_WARN_EMPTY_BODY = YES;
				CLANG_WARN_ENUM_CONVERSION = YES;
				CLANG_WARN_INFINITE_RECURSION = YES;
				CLANG_WARN_INT_CONVERSION = YES;
				CLANG_WARN_NON_LITERAL_NULL_CONVERSION = YES;
				CLANG_WARN_OBJC_IMPLICIT_RETAIN_SELF = YES;
				CLANG_WARN_OBJC_LITERAL_CONVERSION = YES;
				CLANG_WARN_OBJC_ROOT_CLASS = YES_ERROR;
				CLANG_WARN_QUOTED_INCLUDE_IN_FRAMEWORK_HEADER = YES;
				CLANG_WARN_RANGE_LOOP_ANALYSIS = YES;
				CLANG_WARN_STRICT_PROTOTYPES = YES;
				CLANG_WARN_SUSPICIOUS_MOVE = YES;
				CLANG_WARN_UNGUARDED_AVAILABILITY = YES_AGGRESSIVE;
				CLANG_WARN_UNREACHABLE_CODE = YES;
				CLANG_WARN__DUPLICATE_METHOD_MATCH = YES;
				COPY_PHASE_STRIP = NO;
				DEBUG_INFORMATION_FORMAT = "dwarf-with-dsym";
				ENABLE_NS_ASSERTIONS = NO;
				ENABLE_STRICT_OBJC_MSGSEND = YES;
				GCC_C_LANGUAGE_STANDARD = gnu11;
				GCC_NO_COMMON_BLOCKS = YES;
				GCC_WARN_64_TO_32_BIT_CONVERSION = YES;
				GCC_WARN_ABOUT_RETURN_TYPE = YES_ERROR;
				GCC_WARN_UNDECLARED_SELECTOR = YES;
				GCC_WARN_UNINITIALIZED_AUTOS = YES_AGGRESSIVE;
				GCC_WARN_UNUSED_FUNCTION = YES;
				GCC_WARN_UNUSED_VARIABLE = YES;
				IPHONEOS_DEPLOYMENT_TARGET = 15.0;
				MTL_ENABLE_DEBUG_INFO = NO;
				MTL_FAST_MATH = YES;
				SDKROOT = iphoneos;
				SWIFT_COMPILATION_MODE = wholemodule;
				SWIFT_OPTIMIZATION_LEVEL = "-O";
				VALIDATE_PRODUCT = YES;
			};
			name = Release;
		};
		CB20988127968955005F6A73 /* Debug */ = {
			isa = XCBuildConfiguration;
			buildSettings = {
				ASSETCATALOG_COMPILER_APPICON_NAME = AppIcon;
				ASSETCATALOG_COMPILER_GLOBAL_ACCENT_COLOR_NAME = AccentColor;
				CODE_SIGN_ENTITLEMENTS = SeSAC_SeSACFriends/SeSAC_SeSACFriends.entitlements;
				CODE_SIGN_STYLE = Automatic;
				CURRENT_PROJECT_VERSION = 1;
				DEVELOPMENT_TEAM = 2EZ5QWFYX2;
				GENERATE_INFOPLIST_FILE = YES;
				INFOPLIST_FILE = SeSAC_SeSACFriends/Info.plist;
				INFOPLIST_KEY_UIApplicationSupportsIndirectInputEvents = YES;
				INFOPLIST_KEY_UILaunchStoryboardName = LaunchScreen;
				INFOPLIST_KEY_UISupportedInterfaceOrientations_iPad = "UIInterfaceOrientationPortrait UIInterfaceOrientationPortraitUpsideDown UIInterfaceOrientationLandscapeLeft UIInterfaceOrientationLandscapeRight";
				INFOPLIST_KEY_UISupportedInterfaceOrientations_iPhone = "UIInterfaceOrientationPortrait UIInterfaceOrientationLandscapeLeft UIInterfaceOrientationLandscapeRight";
				LD_RUNPATH_SEARCH_PATHS = (
					"$(inherited)",
					"@executable_path/Frameworks",
				);
				MARKETING_VERSION = 1.0;
				PRODUCT_BUNDLE_IDENTIFIER = com.memolease.sesac1;
				PRODUCT_NAME = "$(TARGET_NAME)";
				SWIFT_EMIT_LOC_STRINGS = YES;
				SWIFT_VERSION = 5.0;
				TARGETED_DEVICE_FAMILY = "1,2";
			};
			name = Debug;
		};
		CB20988227968955005F6A73 /* Release */ = {
			isa = XCBuildConfiguration;
			buildSettings = {
				ASSETCATALOG_COMPILER_APPICON_NAME = AppIcon;
				ASSETCATALOG_COMPILER_GLOBAL_ACCENT_COLOR_NAME = AccentColor;
				CODE_SIGN_ENTITLEMENTS = SeSAC_SeSACFriends/SeSAC_SeSACFriendsRelease.entitlements;
				CODE_SIGN_STYLE = Automatic;
				CURRENT_PROJECT_VERSION = 1;
				DEVELOPMENT_TEAM = 2EZ5QWFYX2;
				GENERATE_INFOPLIST_FILE = YES;
				INFOPLIST_FILE = SeSAC_SeSACFriends/Info.plist;
				INFOPLIST_KEY_UIApplicationSupportsIndirectInputEvents = YES;
				INFOPLIST_KEY_UILaunchStoryboardName = LaunchScreen;
				INFOPLIST_KEY_UISupportedInterfaceOrientations_iPad = "UIInterfaceOrientationPortrait UIInterfaceOrientationPortraitUpsideDown UIInterfaceOrientationLandscapeLeft UIInterfaceOrientationLandscapeRight";
				INFOPLIST_KEY_UISupportedInterfaceOrientations_iPhone = "UIInterfaceOrientationPortrait UIInterfaceOrientationLandscapeLeft UIInterfaceOrientationLandscapeRight";
				LD_RUNPATH_SEARCH_PATHS = (
					"$(inherited)",
					"@executable_path/Frameworks",
				);
				MARKETING_VERSION = 1.0;
				PRODUCT_BUNDLE_IDENTIFIER = com.memolease.sesac1;
				PRODUCT_NAME = "$(TARGET_NAME)";
				SWIFT_EMIT_LOC_STRINGS = YES;
				SWIFT_VERSION = 5.0;
				TARGETED_DEVICE_FAMILY = "1,2";
			};
			name = Release;
		};
/* End XCBuildConfiguration section */

/* Begin XCConfigurationList section */
		CB20986727968952005F6A73 /* Build configuration list for PBXProject "SeSAC_SeSACFriends" */ = {
			isa = XCConfigurationList;
			buildConfigurations = (
				CB20987E27968955005F6A73 /* Debug */,
				CB20987F27968955005F6A73 /* Release */,
			);
			defaultConfigurationIsVisible = 0;
			defaultConfigurationName = Release;
		};
		CB20988027968955005F6A73 /* Build configuration list for PBXNativeTarget "SeSAC_SeSACFriends" */ = {
			isa = XCConfigurationList;
			buildConfigurations = (
				CB20988127968955005F6A73 /* Debug */,
				CB20988227968955005F6A73 /* Release */,
			);
			defaultConfigurationIsVisible = 0;
			defaultConfigurationName = Release;
		};
/* End XCConfigurationList section */

/* Begin XCRemoteSwiftPackageReference section */
		CB11F12C279AB5DF00028234 /* XCRemoteSwiftPackageReference "Alamofire" */ = {
			isa = XCRemoteSwiftPackageReference;
			repositoryURL = "https://github.com/Alamofire/Alamofire.git";
			requirement = {
				kind = upToNextMajorVersion;
				minimumVersion = 5.0.0;
			};
		};
		CB2098932796A0E9005F6A73 /* XCRemoteSwiftPackageReference "SnapKit" */ = {
			isa = XCRemoteSwiftPackageReference;
			repositoryURL = "https://github.com/SnapKit/SnapKit.git";
			requirement = {
				kind = upToNextMajorVersion;
				minimumVersion = 5.0.0;
			};
		};
		CB6C581E2799050D003C0F1E /* XCRemoteSwiftPackageReference "RxSwift" */ = {
			isa = XCRemoteSwiftPackageReference;
			repositoryURL = "https://github.com/ReactiveX/RxSwift.git";
			requirement = {
				kind = upToNextMajorVersion;
				minimumVersion = 6.0.0;
			};
		};
		CB6C582527992302003C0F1E /* XCRemoteSwiftPackageReference "Toast-Swift" */ = {
			isa = XCRemoteSwiftPackageReference;
			repositoryURL = "https://github.com/scalessec/Toast-Swift.git";
			requirement = {
				kind = upToNextMajorVersion;
				minimumVersion = 5.0.0;
			};
		};
		CB6C58282799A8A2003C0F1E /* XCRemoteSwiftPackageReference "firebase-ios-sdk" */ = {
			isa = XCRemoteSwiftPackageReference;
			repositoryURL = "https://github.com/firebase/firebase-ios-sdk.git";
			requirement = {
				kind = upToNextMajorVersion;
				minimumVersion = 8.0.0;
			};
		};
		CBAFAE922799C63900FE7421 /* XCRemoteSwiftPackageReference "AnyFormatKit" */ = {
			isa = XCRemoteSwiftPackageReference;
			repositoryURL = "https://github.com/luximetr/AnyFormatKit.git";
			requirement = {
				kind = upToNextMajorVersion;
				minimumVersion = 2.0.0;
			};
		};
		CBC67193279FC8CA00722D78 /* XCRemoteSwiftPackageReference "realm-swift" */ = {
			isa = XCRemoteSwiftPackageReference;
			repositoryURL = "https://github.com/realm/realm-swift.git";
			requirement = {
				kind = upToNextMajorVersion;
				minimumVersion = 5.0.0;
			};
		};
/* End XCRemoteSwiftPackageReference section */

/* Begin XCSwiftPackageProductDependency section */
		CB11F12D279AB5E000028234 /* Alamofire */ = {
			isa = XCSwiftPackageProductDependency;
			package = CB11F12C279AB5DF00028234 /* XCRemoteSwiftPackageReference "Alamofire" */;
			productName = Alamofire;
		};
		CB2098942796A0EA005F6A73 /* SnapKit */ = {
			isa = XCSwiftPackageProductDependency;
			package = CB2098932796A0E9005F6A73 /* XCRemoteSwiftPackageReference "SnapKit" */;
			productName = SnapKit;
		};
		CB6C581F2799050D003C0F1E /* RxCocoa */ = {
			isa = XCSwiftPackageProductDependency;
			package = CB6C581E2799050D003C0F1E /* XCRemoteSwiftPackageReference "RxSwift" */;
			productName = RxCocoa;
		};
		CB6C58212799050D003C0F1E /* RxSwift */ = {
			isa = XCSwiftPackageProductDependency;
			package = CB6C581E2799050D003C0F1E /* XCRemoteSwiftPackageReference "RxSwift" */;
			productName = RxSwift;
		};
		CB6C582627992302003C0F1E /* Toast */ = {
			isa = XCSwiftPackageProductDependency;
			package = CB6C582527992302003C0F1E /* XCRemoteSwiftPackageReference "Toast-Swift" */;
			productName = Toast;
		};
		CB6C58292799A8A2003C0F1E /* FirebaseAuth */ = {
			isa = XCSwiftPackageProductDependency;
			package = CB6C58282799A8A2003C0F1E /* XCRemoteSwiftPackageReference "firebase-ios-sdk" */;
			productName = FirebaseAuth;
		};
		CBAFAE932799C63900FE7421 /* AnyFormatKit */ = {
			isa = XCSwiftPackageProductDependency;
			package = CBAFAE922799C63900FE7421 /* XCRemoteSwiftPackageReference "AnyFormatKit" */;
			productName = AnyFormatKit;
		};
		CBC67194279FC8CA00722D78 /* Realm */ = {
			isa = XCSwiftPackageProductDependency;
			package = CBC67193279FC8CA00722D78 /* XCRemoteSwiftPackageReference "realm-swift" */;
			productName = Realm;
		};
		CBC67196279FC8CA00722D78 /* RealmSwift */ = {
			isa = XCSwiftPackageProductDependency;
			package = CBC67193279FC8CA00722D78 /* XCRemoteSwiftPackageReference "realm-swift" */;
			productName = RealmSwift;
		};
/* End XCSwiftPackageProductDependency section */
	};
	rootObject = CB20986427968952005F6A73 /* Project object */;
}
